// !$*UTF8*$!
{
	archiveVersion = 1;
	classes = {
	};
	objectVersion = 46;
	objects = {

/* Begin PBXBuildFile section */
		5C01DB9D1BC2FABD00491F9B /* SimpleTableViewCell.xib in Resources */ = {isa = PBXBuildFile; fileRef = 5C01DB9C1BC2FABD00491F9B /* SimpleTableViewCell.xib */; };
		5C01DBA01BC2FCE100491F9B /* SimpleTableViewCell.m in Sources */ = {isa = PBXBuildFile; fileRef = 5C01DB9F1BC2FCE100491F9B /* SimpleTableViewCell.m */; };
		5C01DBA41BC3044A00491F9B /* ANAdTableViewCell.m in Sources */ = {isa = PBXBuildFile; fileRef = 5C01DBA21BC3044A00491F9B /* ANAdTableViewCell.m */; };
		5C01DBA51BC3044A00491F9B /* ANAdTableViewCell.xib in Resources */ = {isa = PBXBuildFile; fileRef = 5C01DBA31BC3044A00491F9B /* ANAdTableViewCell.xib */; };
		5C25A4C31BCD7F7B0025A3B3 /* NativeAdViewController.m in Sources */ = {isa = PBXBuildFile; fileRef = 5C25A4C11BCD7F7A0025A3B3 /* NativeAdViewController.m */; };
		5C25A4C41BCD7F7B0025A3B3 /* NativeAdViewController.xib in Resources */ = {isa = PBXBuildFile; fileRef = 5C25A4C21BCD7F7A0025A3B3 /* NativeAdViewController.xib */; };
		5C25A4C71BD0F7060025A3B3 /* NativeAdView.m in Sources */ = {isa = PBXBuildFile; fileRef = 5C25A4C61BD0F7060025A3B3 /* NativeAdView.m */; };
		5C3D90161BD7B590002A7DCB /* Main.storyboard in Resources */ = {isa = PBXBuildFile; fileRef = 5C3D90151BD7B590002A7DCB /* Main.storyboard */; };
		5C42480C1BD6597600DA0540 /* NativeAdView.xib in Resources */ = {isa = PBXBuildFile; fileRef = 5C42480B1BD6597600DA0540 /* NativeAdView.xib */; };
		5CA2943820FE0DD800DF4311 /* GoogleMobileAds.framework in Frameworks */ = {isa = PBXBuildFile; fileRef = 5CA2943720FE0DD800DF4311 /* GoogleMobileAds.framework */; };
		5CA2944820FE0DE200DF4311 /* PolymorphDFPNativeAdAdapter.m in Sources */ = {isa = PBXBuildFile; fileRef = 5CA2943D20FE0DE100DF4311 /* PolymorphDFPNativeAdAdapter.m */; };
		5CA2944920FE0DE200DF4311 /* PolymorphDFPNativeCustomEvent.m in Sources */ = {isa = PBXBuildFile; fileRef = 5CA2943E20FE0DE100DF4311 /* PolymorphDFPNativeCustomEvent.m */; };
		5CA2944A20FE0DE200DF4311 /* PMBidder.m in Sources */ = {isa = PBXBuildFile; fileRef = 5CA2943F20FE0DE100DF4311 /* PMBidder.m */; };
		5CA2945420FE0E1C00DF4311 /* DFPNativeContentAdView.xib in Resources */ = {isa = PBXBuildFile; fileRef = 5CA2944E20FE0E1B00DF4311 /* DFPNativeContentAdView.xib */; };
		5CA2945520FE0E1C00DF4311 /* DFPNativeAdView.xib in Resources */ = {isa = PBXBuildFile; fileRef = 5CA2944F20FE0E1B00DF4311 /* DFPNativeAdView.xib */; };
		5CA2945620FE0E1C00DF4311 /* DFPNativeAdView.m in Sources */ = {isa = PBXBuildFile; fileRef = 5CA2945020FE0E1B00DF4311 /* DFPNativeAdView.m */; };
		5CA2945720FE0E1C00DF4311 /* DFPNativeContentAdView.m in Sources */ = {isa = PBXBuildFile; fileRef = 5CA2945220FE0E1C00DF4311 /* DFPNativeContentAdView.m */; };
		5CBE8AA81BA96D95000DBCFE /* main.m in Sources */ = {isa = PBXBuildFile; fileRef = 5CBE8AA71BA96D95000DBCFE /* main.m */; };
		5CBE8AAB1BA96D95000DBCFE /* AppDelegate.m in Sources */ = {isa = PBXBuildFile; fileRef = 5CBE8AAA1BA96D95000DBCFE /* AppDelegate.m */; };
		5CBE8AB31BA96D95000DBCFE /* Images.xcassets in Resources */ = {isa = PBXBuildFile; fileRef = 5CBE8AB21BA96D95000DBCFE /* Images.xcassets */; };
		5CBE8AB61BA96D95000DBCFE /* LaunchScreen.xib in Resources */ = {isa = PBXBuildFile; fileRef = 5CBE8AB41BA96D95000DBCFE /* LaunchScreen.xib */; };
		5CBE8AC21BA96D95000DBCFE /* AdsNative_iOS_SDKTests.m in Sources */ = {isa = PBXBuildFile; fileRef = 5CBE8AC11BA96D95000DBCFE /* AdsNative_iOS_SDKTests.m */; };
		5CD183681FCC21E40077E5E2 /* WebKit.framework in Frameworks */ = {isa = PBXBuildFile; fileRef = 5CD183671FCC21E40077E5E2 /* WebKit.framework */; };
		5CDEEFBA1BC6EB5200C315D5 /* AdSupport.framework in Frameworks */ = {isa = PBXBuildFile; fileRef = 5CDEEFB91BC6EB5200C315D5 /* AdSupport.framework */; };
		5CDEF0111BC78C5E00C315D5 /* angry_birds_cake.jpg in Resources */ = {isa = PBXBuildFile; fileRef = 5CDEF0011BC78C5E00C315D5 /* angry_birds_cake.jpg */; };
		5CDEF0121BC78C5E00C315D5 /* creme_brelee.jpg in Resources */ = {isa = PBXBuildFile; fileRef = 5CDEF0021BC78C5E00C315D5 /* creme_brelee.jpg */; };
		5CDEF0131BC78C5E00C315D5 /* egg_benedict.jpg in Resources */ = {isa = PBXBuildFile; fileRef = 5CDEF0031BC78C5E00C315D5 /* egg_benedict.jpg */; };
		5CDEF0141BC78C5E00C315D5 /* full_breakfast.jpg in Resources */ = {isa = PBXBuildFile; fileRef = 5CDEF0041BC78C5E00C315D5 /* full_breakfast.jpg */; };
		5CDEF0151BC78C5E00C315D5 /* green_tea.jpg in Resources */ = {isa = PBXBuildFile; fileRef = 5CDEF0051BC78C5E00C315D5 /* green_tea.jpg */; };
		5CDEF0161BC78C5E00C315D5 /* ham_and_cheese_panini.jpg in Resources */ = {isa = PBXBuildFile; fileRef = 5CDEF0061BC78C5E00C315D5 /* ham_and_cheese_panini.jpg */; };
		5CDEF0171BC78C5E00C315D5 /* ham_and_egg_sandwich.jpg in Resources */ = {isa = PBXBuildFile; fileRef = 5CDEF0071BC78C5E00C315D5 /* ham_and_egg_sandwich.jpg */; };
		5CDEF0181BC78C5E00C315D5 /* hamburger.jpg in Resources */ = {isa = PBXBuildFile; fileRef = 5CDEF0081BC78C5E00C315D5 /* hamburger.jpg */; };
		5CDEF0191BC78C5E00C315D5 /* instant_noodle_with_egg.jpg in Resources */ = {isa = PBXBuildFile; fileRef = 5CDEF0091BC78C5E00C315D5 /* instant_noodle_with_egg.jpg */; };
		5CDEF01A1BC78C5E00C315D5 /* japanese_noodle_with_pork.jpg in Resources */ = {isa = PBXBuildFile; fileRef = 5CDEF00A1BC78C5E00C315D5 /* japanese_noodle_with_pork.jpg */; };
		5CDEF01B1BC78C5E00C315D5 /* mushroom_risotto.jpg in Resources */ = {isa = PBXBuildFile; fileRef = 5CDEF00B1BC78C5E00C315D5 /* mushroom_risotto.jpg */; };
		5CDEF01C1BC78C5E00C315D5 /* noodle_with_bbq_pork.jpg in Resources */ = {isa = PBXBuildFile; fileRef = 5CDEF00C1BC78C5E00C315D5 /* noodle_with_bbq_pork.jpg */; };
		5CDEF01D1BC78C5E00C315D5 /* starbucks_coffee.jpg in Resources */ = {isa = PBXBuildFile; fileRef = 5CDEF00D1BC78C5E00C315D5 /* starbucks_coffee.jpg */; };
		5CDEF01E1BC78C5E00C315D5 /* thai_shrimp_cake.jpg in Resources */ = {isa = PBXBuildFile; fileRef = 5CDEF00E1BC78C5E00C315D5 /* thai_shrimp_cake.jpg */; };
		5CDEF01F1BC78C5E00C315D5 /* vegetable_curry.jpg in Resources */ = {isa = PBXBuildFile; fileRef = 5CDEF00F1BC78C5E00C315D5 /* vegetable_curry.jpg */; };
		5CDEF0201BC78C5E00C315D5 /* white_chocolate_donut.jpg in Resources */ = {isa = PBXBuildFile; fileRef = 5CDEF0101BC78C5E00C315D5 /* white_chocolate_donut.jpg */; };
		5CDEF0271BC7C8A200C315D5 /* ANAdTableViewCellNew.m in Sources */ = {isa = PBXBuildFile; fileRef = 5CDEF0251BC7C8A200C315D5 /* ANAdTableViewCellNew.m */; };
		5CDEF0281BC7C8A200C315D5 /* ANAdTableViewCellNew.xib in Resources */ = {isa = PBXBuildFile; fileRef = 5CDEF0261BC7C8A200C315D5 /* ANAdTableViewCellNew.xib */; };
		5CF128EB2108A2BD00A8EDA9 /* PolymorphDFPBannerCustomEvent.m in Sources */ = {isa = PBXBuildFile; fileRef = 5CF128EA2108A2BC00A8EDA9 /* PolymorphDFPBannerCustomEvent.m */; };
		5CFD38671C4F472C007F5C08 /* MediaPlayer.framework in Frameworks */ = {isa = PBXBuildFile; fileRef = 5CFD38661C4F472C007F5C08 /* MediaPlayer.framework */; };
		5CFD38691C4F4731007F5C08 /* AVKit.framework in Frameworks */ = {isa = PBXBuildFile; fileRef = 5CFD38681C4F4731007F5C08 /* AVKit.framework */; };
		5CFD38711C4FA28A007F5C08 /* AdsNativeSDK.framework in Frameworks */ = {isa = PBXBuildFile; fileRef = 5CFD38701C4FA28A007F5C08 /* AdsNativeSDK.framework */; };
/* End PBXBuildFile section */

/* Begin PBXContainerItemProxy section */
		5CBE8ABC1BA96D95000DBCFE /* PBXContainerItemProxy */ = {
			isa = PBXContainerItemProxy;
			containerPortal = 5CBE8A9A1BA96D95000DBCFE /* Project object */;
			proxyType = 1;
			remoteGlobalIDString = 5CBE8AA11BA96D95000DBCFE;
			remoteInfo = "AdsNative-iOS-SDK";
		};
/* End PBXContainerItemProxy section */

/* Begin PBXFileReference section */
		5C01DB9C1BC2FABD00491F9B /* SimpleTableViewCell.xib */ = {isa = PBXFileReference; fileEncoding = 4; lastKnownFileType = file.xib; path = SimpleTableViewCell.xib; sourceTree = "<group>"; };
		5C01DB9E1BC2FCE100491F9B /* SimpleTableViewCell.h */ = {isa = PBXFileReference; fileEncoding = 4; lastKnownFileType = sourcecode.c.h; path = SimpleTableViewCell.h; sourceTree = "<group>"; };
		5C01DB9F1BC2FCE100491F9B /* SimpleTableViewCell.m */ = {isa = PBXFileReference; fileEncoding = 4; lastKnownFileType = sourcecode.c.objc; path = SimpleTableViewCell.m; sourceTree = "<group>"; };
		5C01DBA11BC3044A00491F9B /* ANAdTableViewCell.h */ = {isa = PBXFileReference; fileEncoding = 4; lastKnownFileType = sourcecode.c.h; path = ANAdTableViewCell.h; sourceTree = "<group>"; };
		5C01DBA21BC3044A00491F9B /* ANAdTableViewCell.m */ = {isa = PBXFileReference; fileEncoding = 4; lastKnownFileType = sourcecode.c.objc; path = ANAdTableViewCell.m; sourceTree = "<group>"; };
		5C01DBA31BC3044A00491F9B /* ANAdTableViewCell.xib */ = {isa = PBXFileReference; fileEncoding = 4; lastKnownFileType = file.xib; path = ANAdTableViewCell.xib; sourceTree = "<group>"; };
		5C25A4C01BCD7F7A0025A3B3 /* NativeAdViewController.h */ = {isa = PBXFileReference; fileEncoding = 4; lastKnownFileType = sourcecode.c.h; path = NativeAdViewController.h; sourceTree = "<group>"; };
		5C25A4C11BCD7F7A0025A3B3 /* NativeAdViewController.m */ = {isa = PBXFileReference; fileEncoding = 4; lastKnownFileType = sourcecode.c.objc; path = NativeAdViewController.m; sourceTree = "<group>"; };
		5C25A4C21BCD7F7A0025A3B3 /* NativeAdViewController.xib */ = {isa = PBXFileReference; fileEncoding = 4; lastKnownFileType = file.xib; path = NativeAdViewController.xib; sourceTree = "<group>"; };
		5C25A4C51BD0F7060025A3B3 /* NativeAdView.h */ = {isa = PBXFileReference; fileEncoding = 4; lastKnownFileType = sourcecode.c.h; path = NativeAdView.h; sourceTree = "<group>"; };
		5C25A4C61BD0F7060025A3B3 /* NativeAdView.m */ = {isa = PBXFileReference; fileEncoding = 4; lastKnownFileType = sourcecode.c.objc; path = NativeAdView.m; sourceTree = "<group>"; };
		5C3D90151BD7B590002A7DCB /* Main.storyboard */ = {isa = PBXFileReference; fileEncoding = 4; lastKnownFileType = file.storyboard; path = Main.storyboard; sourceTree = "<group>"; };
		5C42480B1BD6597600DA0540 /* NativeAdView.xib */ = {isa = PBXFileReference; fileEncoding = 4; lastKnownFileType = file.xib; path = NativeAdView.xib; sourceTree = "<group>"; };
		5C9CAB4A1BE88DEE001C28DC /* CoreLocation.framework */ = {isa = PBXFileReference; lastKnownFileType = wrapper.framework; name = CoreLocation.framework; path = System/Library/Frameworks/CoreLocation.framework; sourceTree = SDKROOT; };
		5CA2943720FE0DD800DF4311 /* GoogleMobileAds.framework */ = {isa = PBXFileReference; lastKnownFileType = wrapper.framework; path = GoogleMobileAds.framework; sourceTree = "<group>"; };
		5CA2943B20FE0DE100DF4311 /* PolymorphDFPNativeCustomEvent.h */ = {isa = PBXFileReference; fileEncoding = 4; lastKnownFileType = sourcecode.c.h; path = PolymorphDFPNativeCustomEvent.h; sourceTree = "<group>"; };
		5CA2943C20FE0DE100DF4311 /* PMBidder.h */ = {isa = PBXFileReference; fileEncoding = 4; lastKnownFileType = sourcecode.c.h; path = PMBidder.h; sourceTree = "<group>"; };
		5CA2943D20FE0DE100DF4311 /* PolymorphDFPNativeAdAdapter.m */ = {isa = PBXFileReference; fileEncoding = 4; lastKnownFileType = sourcecode.c.objc; path = PolymorphDFPNativeAdAdapter.m; sourceTree = "<group>"; };
		5CA2943E20FE0DE100DF4311 /* PolymorphDFPNativeCustomEvent.m */ = {isa = PBXFileReference; fileEncoding = 4; lastKnownFileType = sourcecode.c.objc; path = PolymorphDFPNativeCustomEvent.m; sourceTree = "<group>"; };
		5CA2943F20FE0DE100DF4311 /* PMBidder.m */ = {isa = PBXFileReference; fileEncoding = 4; lastKnownFileType = sourcecode.c.objc; path = PMBidder.m; sourceTree = "<group>"; };
		5CA2944020FE0DE100DF4311 /* PolymorphDFPNativeAdAdapter.h */ = {isa = PBXFileReference; fileEncoding = 4; lastKnownFileType = sourcecode.c.h; path = PolymorphDFPNativeAdAdapter.h; sourceTree = "<group>"; };
		5CA2944E20FE0E1B00DF4311 /* DFPNativeContentAdView.xib */ = {isa = PBXFileReference; fileEncoding = 4; lastKnownFileType = file.xib; path = DFPNativeContentAdView.xib; sourceTree = "<group>"; };
		5CA2944F20FE0E1B00DF4311 /* DFPNativeAdView.xib */ = {isa = PBXFileReference; fileEncoding = 4; lastKnownFileType = file.xib; path = DFPNativeAdView.xib; sourceTree = "<group>"; };
		5CA2945020FE0E1B00DF4311 /* DFPNativeAdView.m */ = {isa = PBXFileReference; fileEncoding = 4; lastKnownFileType = sourcecode.c.objc; path = DFPNativeAdView.m; sourceTree = "<group>"; };
		5CA2945120FE0E1B00DF4311 /* DFPNativeAdView.h */ = {isa = PBXFileReference; fileEncoding = 4; lastKnownFileType = sourcecode.c.h; path = DFPNativeAdView.h; sourceTree = "<group>"; };
		5CA2945220FE0E1C00DF4311 /* DFPNativeContentAdView.m */ = {isa = PBXFileReference; fileEncoding = 4; lastKnownFileType = sourcecode.c.objc; path = DFPNativeContentAdView.m; sourceTree = "<group>"; };
		5CA2945320FE0E1C00DF4311 /* DFPNativeContentAdView.h */ = {isa = PBXFileReference; fileEncoding = 4; lastKnownFileType = sourcecode.c.h; path = DFPNativeContentAdView.h; sourceTree = "<group>"; };
		5CBE8AA21BA96D95000DBCFE /* Sample App.app */ = {isa = PBXFileReference; explicitFileType = wrapper.application; includeInIndex = 0; path = "Sample App.app"; sourceTree = BUILT_PRODUCTS_DIR; };
		5CBE8AA61BA96D95000DBCFE /* Info.plist */ = {isa = PBXFileReference; lastKnownFileType = text.plist.xml; path = Info.plist; sourceTree = "<group>"; };
		5CBE8AA71BA96D95000DBCFE /* main.m */ = {isa = PBXFileReference; lastKnownFileType = sourcecode.c.objc; path = main.m; sourceTree = "<group>"; };
		5CBE8AA91BA96D95000DBCFE /* AppDelegate.h */ = {isa = PBXFileReference; lastKnownFileType = sourcecode.c.h; path = AppDelegate.h; sourceTree = "<group>"; };
		5CBE8AAA1BA96D95000DBCFE /* AppDelegate.m */ = {isa = PBXFileReference; lastKnownFileType = sourcecode.c.objc; path = AppDelegate.m; sourceTree = "<group>"; };
		5CBE8AB21BA96D95000DBCFE /* Images.xcassets */ = {isa = PBXFileReference; lastKnownFileType = folder.assetcatalog; path = Images.xcassets; sourceTree = "<group>"; };
		5CBE8AB51BA96D95000DBCFE /* Base */ = {isa = PBXFileReference; lastKnownFileType = file.xib; name = Base; path = Base.lproj/LaunchScreen.xib; sourceTree = "<group>"; };
		5CBE8ABB1BA96D95000DBCFE /* Sample App.xctest */ = {isa = PBXFileReference; explicitFileType = wrapper.cfbundle; includeInIndex = 0; path = "Sample App.xctest"; sourceTree = BUILT_PRODUCTS_DIR; };
		5CBE8AC01BA96D95000DBCFE /* Info.plist */ = {isa = PBXFileReference; lastKnownFileType = text.plist.xml; path = Info.plist; sourceTree = "<group>"; };
		5CBE8AC11BA96D95000DBCFE /* AdsNative_iOS_SDKTests.m */ = {isa = PBXFileReference; lastKnownFileType = sourcecode.c.objc; path = AdsNative_iOS_SDKTests.m; sourceTree = "<group>"; };
		5CD183671FCC21E40077E5E2 /* WebKit.framework */ = {isa = PBXFileReference; lastKnownFileType = wrapper.framework; name = WebKit.framework; path = System/Library/Frameworks/WebKit.framework; sourceTree = SDKROOT; };
		5CDEEFB91BC6EB5200C315D5 /* AdSupport.framework */ = {isa = PBXFileReference; lastKnownFileType = wrapper.framework; name = AdSupport.framework; path = System/Library/Frameworks/AdSupport.framework; sourceTree = SDKROOT; };
		5CDEEFBB1BC6EB6700C315D5 /* SafariServices.framework */ = {isa = PBXFileReference; lastKnownFileType = wrapper.framework; name = SafariServices.framework; path = System/Library/Frameworks/SafariServices.framework; sourceTree = SDKROOT; };
		5CDEF0011BC78C5E00C315D5 /* angry_birds_cake.jpg */ = {isa = PBXFileReference; lastKnownFileType = image.jpeg; name = angry_birds_cake.jpg; path = images/angry_birds_cake.jpg; sourceTree = "<group>"; };
		5CDEF0021BC78C5E00C315D5 /* creme_brelee.jpg */ = {isa = PBXFileReference; lastKnownFileType = image.jpeg; name = creme_brelee.jpg; path = images/creme_brelee.jpg; sourceTree = "<group>"; };
		5CDEF0031BC78C5E00C315D5 /* egg_benedict.jpg */ = {isa = PBXFileReference; lastKnownFileType = image.jpeg; name = egg_benedict.jpg; path = images/egg_benedict.jpg; sourceTree = "<group>"; };
		5CDEF0041BC78C5E00C315D5 /* full_breakfast.jpg */ = {isa = PBXFileReference; lastKnownFileType = image.jpeg; name = full_breakfast.jpg; path = images/full_breakfast.jpg; sourceTree = "<group>"; };
		5CDEF0051BC78C5E00C315D5 /* green_tea.jpg */ = {isa = PBXFileReference; lastKnownFileType = image.jpeg; name = green_tea.jpg; path = images/green_tea.jpg; sourceTree = "<group>"; };
		5CDEF0061BC78C5E00C315D5 /* ham_and_cheese_panini.jpg */ = {isa = PBXFileReference; lastKnownFileType = image.jpeg; name = ham_and_cheese_panini.jpg; path = images/ham_and_cheese_panini.jpg; sourceTree = "<group>"; };
		5CDEF0071BC78C5E00C315D5 /* ham_and_egg_sandwich.jpg */ = {isa = PBXFileReference; lastKnownFileType = image.jpeg; name = ham_and_egg_sandwich.jpg; path = images/ham_and_egg_sandwich.jpg; sourceTree = "<group>"; };
		5CDEF0081BC78C5E00C315D5 /* hamburger.jpg */ = {isa = PBXFileReference; lastKnownFileType = image.jpeg; name = hamburger.jpg; path = images/hamburger.jpg; sourceTree = "<group>"; };
		5CDEF0091BC78C5E00C315D5 /* instant_noodle_with_egg.jpg */ = {isa = PBXFileReference; lastKnownFileType = image.jpeg; name = instant_noodle_with_egg.jpg; path = images/instant_noodle_with_egg.jpg; sourceTree = "<group>"; };
		5CDEF00A1BC78C5E00C315D5 /* japanese_noodle_with_pork.jpg */ = {isa = PBXFileReference; lastKnownFileType = image.jpeg; name = japanese_noodle_with_pork.jpg; path = images/japanese_noodle_with_pork.jpg; sourceTree = "<group>"; };
		5CDEF00B1BC78C5E00C315D5 /* mushroom_risotto.jpg */ = {isa = PBXFileReference; lastKnownFileType = image.jpeg; name = mushroom_risotto.jpg; path = images/mushroom_risotto.jpg; sourceTree = "<group>"; };
		5CDEF00C1BC78C5E00C315D5 /* noodle_with_bbq_pork.jpg */ = {isa = PBXFileReference; lastKnownFileType = image.jpeg; name = noodle_with_bbq_pork.jpg; path = images/noodle_with_bbq_pork.jpg; sourceTree = "<group>"; };
		5CDEF00D1BC78C5E00C315D5 /* starbucks_coffee.jpg */ = {isa = PBXFileReference; lastKnownFileType = image.jpeg; name = starbucks_coffee.jpg; path = images/starbucks_coffee.jpg; sourceTree = "<group>"; };
		5CDEF00E1BC78C5E00C315D5 /* thai_shrimp_cake.jpg */ = {isa = PBXFileReference; lastKnownFileType = image.jpeg; name = thai_shrimp_cake.jpg; path = images/thai_shrimp_cake.jpg; sourceTree = "<group>"; };
		5CDEF00F1BC78C5E00C315D5 /* vegetable_curry.jpg */ = {isa = PBXFileReference; lastKnownFileType = image.jpeg; name = vegetable_curry.jpg; path = images/vegetable_curry.jpg; sourceTree = "<group>"; };
		5CDEF0101BC78C5E00C315D5 /* white_chocolate_donut.jpg */ = {isa = PBXFileReference; lastKnownFileType = image.jpeg; name = white_chocolate_donut.jpg; path = images/white_chocolate_donut.jpg; sourceTree = "<group>"; };
		5CDEF0241BC7C8A200C315D5 /* ANAdTableViewCellNew.h */ = {isa = PBXFileReference; fileEncoding = 4; lastKnownFileType = sourcecode.c.h; path = ANAdTableViewCellNew.h; sourceTree = "<group>"; };
		5CDEF0251BC7C8A200C315D5 /* ANAdTableViewCellNew.m */ = {isa = PBXFileReference; fileEncoding = 4; lastKnownFileType = sourcecode.c.objc; path = ANAdTableViewCellNew.m; sourceTree = "<group>"; };
		5CDEF0261BC7C8A200C315D5 /* ANAdTableViewCellNew.xib */ = {isa = PBXFileReference; fileEncoding = 4; lastKnownFileType = file.xib; path = ANAdTableViewCellNew.xib; sourceTree = "<group>"; };
		5CF128E92108A2BC00A8EDA9 /* PolymorphDFPBannerCustomEvent.h */ = {isa = PBXFileReference; fileEncoding = 4; lastKnownFileType = sourcecode.c.h; path = PolymorphDFPBannerCustomEvent.h; sourceTree = "<group>"; };
		5CF128EA2108A2BC00A8EDA9 /* PolymorphDFPBannerCustomEvent.m */ = {isa = PBXFileReference; fileEncoding = 4; lastKnownFileType = sourcecode.c.objc; path = PolymorphDFPBannerCustomEvent.m; sourceTree = "<group>"; };
		5CFD38661C4F472C007F5C08 /* MediaPlayer.framework */ = {isa = PBXFileReference; lastKnownFileType = wrapper.framework; name = MediaPlayer.framework; path = System/Library/Frameworks/MediaPlayer.framework; sourceTree = SDKROOT; };
		5CFD38681C4F4731007F5C08 /* AVKit.framework */ = {isa = PBXFileReference; lastKnownFileType = wrapper.framework; name = AVKit.framework; path = System/Library/Frameworks/AVKit.framework; sourceTree = SDKROOT; };
		5CFD38701C4FA28A007F5C08 /* AdsNativeSDK.framework */ = {isa = PBXFileReference; lastKnownFileType = wrapper.framework; path = AdsNativeSDK.framework; sourceTree = "<group>"; };
/* End PBXFileReference section */

/* Begin PBXFrameworksBuildPhase section */
		5CBE8A9F1BA96D95000DBCFE /* Frameworks */ = {
			isa = PBXFrameworksBuildPhase;
			buildActionMask = 2147483647;
			files = (
				5CA2943820FE0DD800DF4311 /* GoogleMobileAds.framework in Frameworks */,
				5CD183681FCC21E40077E5E2 /* WebKit.framework in Frameworks */,
				5CFD38691C4F4731007F5C08 /* AVKit.framework in Frameworks */,
				5CFD38671C4F472C007F5C08 /* MediaPlayer.framework in Frameworks */,
				5CDEEFBA1BC6EB5200C315D5 /* AdSupport.framework in Frameworks */,
				5CFD38711C4FA28A007F5C08 /* AdsNativeSDK.framework in Frameworks */,
			);
			runOnlyForDeploymentPostprocessing = 0;
		};
		5CBE8AB81BA96D95000DBCFE /* Frameworks */ = {
			isa = PBXFrameworksBuildPhase;
			buildActionMask = 2147483647;
			files = (
			);
			runOnlyForDeploymentPostprocessing = 0;
		};
/* End PBXFrameworksBuildPhase section */

/* Begin PBXGroup section */
		5C01DB7B1BC2F92A00491F9B /* images */ = {
			isa = PBXGroup;
			children = (
				5CDEF0011BC78C5E00C315D5 /* angry_birds_cake.jpg */,
				5CDEF0021BC78C5E00C315D5 /* creme_brelee.jpg */,
				5CDEF0031BC78C5E00C315D5 /* egg_benedict.jpg */,
				5CDEF0041BC78C5E00C315D5 /* full_breakfast.jpg */,
				5CDEF0051BC78C5E00C315D5 /* green_tea.jpg */,
				5CDEF0061BC78C5E00C315D5 /* ham_and_cheese_panini.jpg */,
				5CDEF0071BC78C5E00C315D5 /* ham_and_egg_sandwich.jpg */,
				5CDEF0081BC78C5E00C315D5 /* hamburger.jpg */,
				5CDEF0091BC78C5E00C315D5 /* instant_noodle_with_egg.jpg */,
				5CDEF00A1BC78C5E00C315D5 /* japanese_noodle_with_pork.jpg */,
				5CDEF00B1BC78C5E00C315D5 /* mushroom_risotto.jpg */,
				5CDEF00C1BC78C5E00C315D5 /* noodle_with_bbq_pork.jpg */,
				5CDEF00D1BC78C5E00C315D5 /* starbucks_coffee.jpg */,
				5CDEF00E1BC78C5E00C315D5 /* thai_shrimp_cake.jpg */,
				5CDEF00F1BC78C5E00C315D5 /* vegetable_curry.jpg */,
				5CDEF0101BC78C5E00C315D5 /* white_chocolate_donut.jpg */,
			);
			name = images;
			sourceTree = "<group>";
		};
		5C01DC161BC67E7600491F9B /* Frameworks */ = {
			isa = PBXGroup;
			children = (
				5CA2943720FE0DD800DF4311 /* GoogleMobileAds.framework */,
				5CD183671FCC21E40077E5E2 /* WebKit.framework */,
				5CFD38701C4FA28A007F5C08 /* AdsNativeSDK.framework */,
				5CFD38681C4F4731007F5C08 /* AVKit.framework */,
				5CFD38661C4F472C007F5C08 /* MediaPlayer.framework */,
				5C9CAB4A1BE88DEE001C28DC /* CoreLocation.framework */,
				5CDEEFBB1BC6EB6700C315D5 /* SafariServices.framework */,
				5CDEEFB91BC6EB5200C315D5 /* AdSupport.framework */,
			);
			name = Frameworks;
			sourceTree = "<group>";
		};
		5CA2943920FE0DE100DF4311 /* Header Bidding */ = {
			isa = PBXGroup;
			children = (
				5CA2943A20FE0DE100DF4311 /* DFP */,
			);
			path = "Header Bidding";
			sourceTree = "<group>";
		};
		5CA2943A20FE0DE100DF4311 /* DFP */ = {
			isa = PBXGroup;
			children = (
				5CA2943C20FE0DE100DF4311 /* PMBidder.h */,
				5CA2943F20FE0DE100DF4311 /* PMBidder.m */,
				5CF128E92108A2BC00A8EDA9 /* PolymorphDFPBannerCustomEvent.h */,
				5CF128EA2108A2BC00A8EDA9 /* PolymorphDFPBannerCustomEvent.m */,
				5CA2943B20FE0DE100DF4311 /* PolymorphDFPNativeCustomEvent.h */,
				5CA2943E20FE0DE100DF4311 /* PolymorphDFPNativeCustomEvent.m */,
				5CA2944020FE0DE100DF4311 /* PolymorphDFPNativeAdAdapter.h */,
				5CA2943D20FE0DE100DF4311 /* PolymorphDFPNativeAdAdapter.m */,
			);
			path = DFP;
			sourceTree = "<group>";
		};
		5CBE8A991BA96D95000DBCFE = {
			isa = PBXGroup;
			children = (
				5CA2943920FE0DE100DF4311 /* Header Bidding */,
				5CBE8AA41BA96D95000DBCFE /* Sample App */,
				5CBE8ABE1BA96D95000DBCFE /* Sample AppTests */,
				5CBE8AA31BA96D95000DBCFE /* Products */,
				5C01DC161BC67E7600491F9B /* Frameworks */,
			);
			sourceTree = "<group>";
		};
		5CBE8AA31BA96D95000DBCFE /* Products */ = {
			isa = PBXGroup;
			children = (
				5CBE8AA21BA96D95000DBCFE /* Sample App.app */,
				5CBE8ABB1BA96D95000DBCFE /* Sample App.xctest */,
			);
			name = Products;
			sourceTree = "<group>";
		};
		5CBE8AA41BA96D95000DBCFE /* Sample App */ = {
			isa = PBXGroup;
			children = (
				5CA2945120FE0E1B00DF4311 /* DFPNativeAdView.h */,
				5CA2945020FE0E1B00DF4311 /* DFPNativeAdView.m */,
				5CA2944F20FE0E1B00DF4311 /* DFPNativeAdView.xib */,
				5CA2945320FE0E1C00DF4311 /* DFPNativeContentAdView.h */,
				5CA2945220FE0E1C00DF4311 /* DFPNativeContentAdView.m */,
				5CA2944E20FE0E1B00DF4311 /* DFPNativeContentAdView.xib */,
				5C01DB7B1BC2F92A00491F9B /* images */,
				5CBE8AA91BA96D95000DBCFE /* AppDelegate.h */,
				5CBE8AAA1BA96D95000DBCFE /* AppDelegate.m */,
				5C25A4C01BCD7F7A0025A3B3 /* NativeAdViewController.h */,
				5C25A4C11BCD7F7A0025A3B3 /* NativeAdViewController.m */,
				5C25A4C21BCD7F7A0025A3B3 /* NativeAdViewController.xib */,
				5C3D90151BD7B590002A7DCB /* Main.storyboard */,
				5C25A4C51BD0F7060025A3B3 /* NativeAdView.h */,
				5C25A4C61BD0F7060025A3B3 /* NativeAdView.m */,
				5C42480B1BD6597600DA0540 /* NativeAdView.xib */,
				5CBE8AB21BA96D95000DBCFE /* Images.xcassets */,
				5CBE8AB41BA96D95000DBCFE /* LaunchScreen.xib */,
				5CBE8AA51BA96D95000DBCFE /* Supporting Files */,
				5C01DB9C1BC2FABD00491F9B /* SimpleTableViewCell.xib */,
				5C01DB9E1BC2FCE100491F9B /* SimpleTableViewCell.h */,
				5C01DB9F1BC2FCE100491F9B /* SimpleTableViewCell.m */,
				5C01DBA11BC3044A00491F9B /* ANAdTableViewCell.h */,
				5C01DBA21BC3044A00491F9B /* ANAdTableViewCell.m */,
				5C01DBA31BC3044A00491F9B /* ANAdTableViewCell.xib */,
				5CDEF0241BC7C8A200C315D5 /* ANAdTableViewCellNew.h */,
				5CDEF0251BC7C8A200C315D5 /* ANAdTableViewCellNew.m */,
				5CDEF0261BC7C8A200C315D5 /* ANAdTableViewCellNew.xib */,
			);
			path = "Sample App";
			sourceTree = "<group>";
		};
		5CBE8AA51BA96D95000DBCFE /* Supporting Files */ = {
			isa = PBXGroup;
			children = (
				5CBE8AA61BA96D95000DBCFE /* Info.plist */,
				5CBE8AA71BA96D95000DBCFE /* main.m */,
			);
			name = "Supporting Files";
			sourceTree = "<group>";
		};
		5CBE8ABE1BA96D95000DBCFE /* Sample AppTests */ = {
			isa = PBXGroup;
			children = (
				5CBE8AC11BA96D95000DBCFE /* AdsNative_iOS_SDKTests.m */,
				5CBE8ABF1BA96D95000DBCFE /* Supporting Files */,
			);
			path = "Sample AppTests";
			sourceTree = "<group>";
		};
		5CBE8ABF1BA96D95000DBCFE /* Supporting Files */ = {
			isa = PBXGroup;
			children = (
				5CBE8AC01BA96D95000DBCFE /* Info.plist */,
			);
			name = "Supporting Files";
			sourceTree = "<group>";
		};
/* End PBXGroup section */

/* Begin PBXNativeTarget section */
		5CBE8AA11BA96D95000DBCFE /* Sample App */ = {
			isa = PBXNativeTarget;
			buildConfigurationList = 5CBE8AC51BA96D95000DBCFE /* Build configuration list for PBXNativeTarget "Sample App" */;
			buildPhases = (
				5CBE8A9E1BA96D95000DBCFE /* Sources */,
				5CBE8A9F1BA96D95000DBCFE /* Frameworks */,
				5CBE8AA01BA96D95000DBCFE /* Resources */,
			);
			buildRules = (
			);
			dependencies = (
			);
			name = "Sample App";
			productName = "AdsNative-iOS-SDK";
			productReference = 5CBE8AA21BA96D95000DBCFE /* Sample App.app */;
			productType = "com.apple.product-type.application";
		};
		5CBE8ABA1BA96D95000DBCFE /* Sample AppTests */ = {
			isa = PBXNativeTarget;
			buildConfigurationList = 5CBE8AC81BA96D95000DBCFE /* Build configuration list for PBXNativeTarget "Sample AppTests" */;
			buildPhases = (
				5CBE8AB71BA96D95000DBCFE /* Sources */,
				5CBE8AB81BA96D95000DBCFE /* Frameworks */,
				5CBE8AB91BA96D95000DBCFE /* Resources */,
			);
			buildRules = (
			);
			dependencies = (
				5CBE8ABD1BA96D95000DBCFE /* PBXTargetDependency */,
			);
			name = "Sample AppTests";
			productName = "AdsNative-iOS-SDKTests";
			productReference = 5CBE8ABB1BA96D95000DBCFE /* Sample App.xctest */;
			productType = "com.apple.product-type.bundle.unit-test";
		};
/* End PBXNativeTarget section */

/* Begin PBXProject section */
		5CBE8A9A1BA96D95000DBCFE /* Project object */ = {
			isa = PBXProject;
			attributes = {
				LastUpgradeCheck = 0700;
				ORGANIZATIONNAME = AdsNative;
				TargetAttributes = {
					5CBE8AA11BA96D95000DBCFE = {
						CreatedOnToolsVersion = 6.4;
						DevelopmentTeam = AY9DGFRWU4;
						ProvisioningStyle = Automatic;
					};
					5CBE8ABA1BA96D95000DBCFE = {
						CreatedOnToolsVersion = 6.4;
						DevelopmentTeam = AY9DGFRWU4;
						TestTargetID = 5CBE8AA11BA96D95000DBCFE;
					};
				};
			};
			buildConfigurationList = 5CBE8A9D1BA96D95000DBCFE /* Build configuration list for PBXProject "Sample App" */;
			compatibilityVersion = "Xcode 3.2";
			developmentRegion = English;
			hasScannedForEncodings = 0;
			knownRegions = (
				en,
				Base,
			);
			mainGroup = 5CBE8A991BA96D95000DBCFE;
			productRefGroup = 5CBE8AA31BA96D95000DBCFE /* Products */;
			projectDirPath = "";
			projectRoot = "";
			targets = (
				5CBE8AA11BA96D95000DBCFE /* Sample App */,
				5CBE8ABA1BA96D95000DBCFE /* Sample AppTests */,
			);
		};
/* End PBXProject section */

/* Begin PBXResourcesBuildPhase section */
		5CBE8AA01BA96D95000DBCFE /* Resources */ = {
			isa = PBXResourcesBuildPhase;
			buildActionMask = 2147483647;
			files = (
				5CDEF01B1BC78C5E00C315D5 /* mushroom_risotto.jpg in Resources */,
				5CDEF01A1BC78C5E00C315D5 /* japanese_noodle_with_pork.jpg in Resources */,
				5C01DBA51BC3044A00491F9B /* ANAdTableViewCell.xib in Resources */,
				5CDEF0171BC78C5E00C315D5 /* ham_and_egg_sandwich.jpg in Resources */,
				5C25A4C41BCD7F7B0025A3B3 /* NativeAdViewController.xib in Resources */,
				5CDEF0141BC78C5E00C315D5 /* full_breakfast.jpg in Resources */,
				5CDEF0191BC78C5E00C315D5 /* instant_noodle_with_egg.jpg in Resources */,
				5CA2945420FE0E1C00DF4311 /* DFPNativeContentAdView.xib in Resources */,
				5C3D90161BD7B590002A7DCB /* Main.storyboard in Resources */,
				5CDEF0181BC78C5E00C315D5 /* hamburger.jpg in Resources */,
				5CA2945520FE0E1C00DF4311 /* DFPNativeAdView.xib in Resources */,
				5CDEF0111BC78C5E00C315D5 /* angry_birds_cake.jpg in Resources */,
				5CDEF01F1BC78C5E00C315D5 /* vegetable_curry.jpg in Resources */,
				5CDEF01E1BC78C5E00C315D5 /* thai_shrimp_cake.jpg in Resources */,
				5CDEF0201BC78C5E00C315D5 /* white_chocolate_donut.jpg in Resources */,
				5CDEF0151BC78C5E00C315D5 /* green_tea.jpg in Resources */,
				5CDEF01C1BC78C5E00C315D5 /* noodle_with_bbq_pork.jpg in Resources */,
				5CDEF0121BC78C5E00C315D5 /* creme_brelee.jpg in Resources */,
				5CDEF01D1BC78C5E00C315D5 /* starbucks_coffee.jpg in Resources */,
				5C42480C1BD6597600DA0540 /* NativeAdView.xib in Resources */,
				5CDEF0281BC7C8A200C315D5 /* ANAdTableViewCellNew.xib in Resources */,
				5CBE8AB61BA96D95000DBCFE /* LaunchScreen.xib in Resources */,
				5C01DB9D1BC2FABD00491F9B /* SimpleTableViewCell.xib in Resources */,
				5CBE8AB31BA96D95000DBCFE /* Images.xcassets in Resources */,
				5CDEF0131BC78C5E00C315D5 /* egg_benedict.jpg in Resources */,
				5CDEF0161BC78C5E00C315D5 /* ham_and_cheese_panini.jpg in Resources */,
			);
			runOnlyForDeploymentPostprocessing = 0;
		};
		5CBE8AB91BA96D95000DBCFE /* Resources */ = {
			isa = PBXResourcesBuildPhase;
			buildActionMask = 2147483647;
			files = (
			);
			runOnlyForDeploymentPostprocessing = 0;
		};
/* End PBXResourcesBuildPhase section */

/* Begin PBXSourcesBuildPhase section */
		5CBE8A9E1BA96D95000DBCFE /* Sources */ = {
			isa = PBXSourcesBuildPhase;
			buildActionMask = 2147483647;
			files = (
				5CA2945720FE0E1C00DF4311 /* DFPNativeContentAdView.m in Sources */,
				5CF128EB2108A2BD00A8EDA9 /* PolymorphDFPBannerCustomEvent.m in Sources */,
				5C01DBA41BC3044A00491F9B /* ANAdTableViewCell.m in Sources */,
				5CBE8AAB1BA96D95000DBCFE /* AppDelegate.m in Sources */,
				5C25A4C71BD0F7060025A3B3 /* NativeAdView.m in Sources */,
				5CDEF0271BC7C8A200C315D5 /* ANAdTableViewCellNew.m in Sources */,
				5CA2945620FE0E1C00DF4311 /* DFPNativeAdView.m in Sources */,
				5CA2944820FE0DE200DF4311 /* PolymorphDFPNativeAdAdapter.m in Sources */,
				5CA2944920FE0DE200DF4311 /* PolymorphDFPNativeCustomEvent.m in Sources */,
				5CBE8AA81BA96D95000DBCFE /* main.m in Sources */,
				5CA2944A20FE0DE200DF4311 /* PMBidder.m in Sources */,
				5C01DBA01BC2FCE100491F9B /* SimpleTableViewCell.m in Sources */,
				5C25A4C31BCD7F7B0025A3B3 /* NativeAdViewController.m in Sources */,
			);
			runOnlyForDeploymentPostprocessing = 0;
		};
		5CBE8AB71BA96D95000DBCFE /* Sources */ = {
			isa = PBXSourcesBuildPhase;
			buildActionMask = 2147483647;
			files = (
				5CBE8AC21BA96D95000DBCFE /* AdsNative_iOS_SDKTests.m in Sources */,
			);
			runOnlyForDeploymentPostprocessing = 0;
		};
/* End PBXSourcesBuildPhase section */

/* Begin PBXTargetDependency section */
		5CBE8ABD1BA96D95000DBCFE /* PBXTargetDependency */ = {
			isa = PBXTargetDependency;
			target = 5CBE8AA11BA96D95000DBCFE /* Sample App */;
			targetProxy = 5CBE8ABC1BA96D95000DBCFE /* PBXContainerItemProxy */;
		};
/* End PBXTargetDependency section */

/* Begin PBXVariantGroup section */
		5CBE8AB41BA96D95000DBCFE /* LaunchScreen.xib */ = {
			isa = PBXVariantGroup;
			children = (
				5CBE8AB51BA96D95000DBCFE /* Base */,
			);
			name = LaunchScreen.xib;
			sourceTree = "<group>";
		};
/* End PBXVariantGroup section */

/* Begin XCBuildConfiguration section */
		5CBE8AC31BA96D95000DBCFE /* Debug */ = {
			isa = XCBuildConfiguration;
			buildSettings = {
				ALWAYS_SEARCH_USER_PATHS = NO;
				CLANG_CXX_LANGUAGE_STANDARD = "gnu++0x";
				CLANG_CXX_LIBRARY = "libc++";
				CLANG_ENABLE_MODULES = YES;
				CLANG_ENABLE_OBJC_ARC = YES;
				CLANG_WARN_BOOL_CONVERSION = YES;
				CLANG_WARN_CONSTANT_CONVERSION = YES;
				CLANG_WARN_DIRECT_OBJC_ISA_USAGE = YES_ERROR;
				CLANG_WARN_EMPTY_BODY = YES;
				CLANG_WARN_ENUM_CONVERSION = YES;
				CLANG_WARN_INT_CONVERSION = YES;
				CLANG_WARN_OBJC_ROOT_CLASS = YES_ERROR;
				CLANG_WARN_UNREACHABLE_CODE = YES;
				CLANG_WARN__DUPLICATE_METHOD_MATCH = YES;
				"CODE_SIGN_IDENTITY[sdk=iphoneos*]" = "iPhone Developer";
				COPY_PHASE_STRIP = NO;
				DEBUG_INFORMATION_FORMAT = "dwarf-with-dsym";
				ENABLE_STRICT_OBJC_MSGSEND = YES;
				ENABLE_TESTABILITY = YES;
				GCC_C_LANGUAGE_STANDARD = gnu99;
				GCC_DYNAMIC_NO_PIC = NO;
				GCC_NO_COMMON_BLOCKS = YES;
				GCC_OPTIMIZATION_LEVEL = 0;
				GCC_PREPROCESSOR_DEFINITIONS = (
					"DEBUG=1",
					"$(inherited)",
				);
				GCC_SYMBOLS_PRIVATE_EXTERN = NO;
				GCC_WARN_64_TO_32_BIT_CONVERSION = YES;
				GCC_WARN_ABOUT_RETURN_TYPE = YES_ERROR;
				GCC_WARN_UNDECLARED_SELECTOR = YES;
				GCC_WARN_UNINITIALIZED_AUTOS = YES_AGGRESSIVE;
				GCC_WARN_UNUSED_FUNCTION = YES;
				GCC_WARN_UNUSED_VARIABLE = YES;
				IPHONEOS_DEPLOYMENT_TARGET = 8.1;
				MTL_ENABLE_DEBUG_INFO = YES;
				ONLY_ACTIVE_ARCH = YES;
				OTHER_LDFLAGS = "-ObjC";
				SDKROOT = iphoneos;
				TARGETED_DEVICE_FAMILY = "1,2";
			};
			name = Debug;
		};
		5CBE8AC41BA96D95000DBCFE /* Release */ = {
			isa = XCBuildConfiguration;
			buildSettings = {
				ALWAYS_SEARCH_USER_PATHS = NO;
				CLANG_CXX_LANGUAGE_STANDARD = "gnu++0x";
				CLANG_CXX_LIBRARY = "libc++";
				CLANG_ENABLE_MODULES = YES;
				CLANG_ENABLE_OBJC_ARC = YES;
				CLANG_WARN_BOOL_CONVERSION = YES;
				CLANG_WARN_CONSTANT_CONVERSION = YES;
				CLANG_WARN_DIRECT_OBJC_ISA_USAGE = YES_ERROR;
				CLANG_WARN_EMPTY_BODY = YES;
				CLANG_WARN_ENUM_CONVERSION = YES;
				CLANG_WARN_INT_CONVERSION = YES;
				CLANG_WARN_OBJC_ROOT_CLASS = YES_ERROR;
				CLANG_WARN_UNREACHABLE_CODE = YES;
				CLANG_WARN__DUPLICATE_METHOD_MATCH = YES;
				"CODE_SIGN_IDENTITY[sdk=iphoneos*]" = "iPhone Developer";
				COPY_PHASE_STRIP = NO;
				DEBUG_INFORMATION_FORMAT = "dwarf-with-dsym";
				ENABLE_NS_ASSERTIONS = NO;
				ENABLE_STRICT_OBJC_MSGSEND = YES;
				GCC_C_LANGUAGE_STANDARD = gnu99;
				GCC_NO_COMMON_BLOCKS = YES;
				GCC_WARN_64_TO_32_BIT_CONVERSION = YES;
				GCC_WARN_ABOUT_RETURN_TYPE = YES_ERROR;
				GCC_WARN_UNDECLARED_SELECTOR = YES;
				GCC_WARN_UNINITIALIZED_AUTOS = YES_AGGRESSIVE;
				GCC_WARN_UNUSED_FUNCTION = YES;
				GCC_WARN_UNUSED_VARIABLE = YES;
				IPHONEOS_DEPLOYMENT_TARGET = 8.1;
				MTL_ENABLE_DEBUG_INFO = NO;
				OTHER_LDFLAGS = "-ObjC";
				SDKROOT = iphoneos;
				TARGETED_DEVICE_FAMILY = "1,2";
				VALIDATE_PRODUCT = YES;
			};
			name = Release;
		};
		5CBE8AC61BA96D95000DBCFE /* Debug */ = {
			isa = XCBuildConfiguration;
			buildSettings = {
				ASSETCATALOG_COMPILER_APPICON_NAME = AppIcon;
				CODE_SIGN_IDENTITY = "iPhone Developer: Arvind Bharadwaj (FF59TZ2UQG)";
				"CODE_SIGN_IDENTITY[sdk=iphoneos*]" = "iPhone Developer";
				DEVELOPMENT_TEAM = AY9DGFRWU4;
				ENABLE_BITCODE = YES;
				FRAMEWORK_SEARCH_PATHS = (
					"$(inherited)",
					"/Users/arvindbharadwaj/Downloads/FacebookSDKs-iOS-20151007",
					"$(PROJECT_DIR)",
					"$(PROJECT_DIR)/MoPubSDK_2/Viewability/MOAT",
				);
				INFOPLIST_FILE = "$(PROJECT_NAME)/Info.plist";
				IPHONEOS_DEPLOYMENT_TARGET = 7.0;
				LD_RUNPATH_SEARCH_PATHS = "$(inherited) @executable_path/Frameworks";
				LIBRARY_SEARCH_PATHS = (
					"$(inherited)",
					/Users/arvindbharadwaj/Downloads/InMobi_iOS_SDK/Libs,
					"/Users/arvindbharadwaj/Downloads/FacebookSDKs-iOS-20151007/FBAudienceNetwork.framework",
					"$(PROJECT_DIR)",
					"$(PROJECT_DIR)/Mediation",
					Networks/InMobi,
					"$(PROJECT_DIR)/Flurry",
					"$(PROJECT_DIR)/FlurryAds",
					"$(PROJECT_DIR)/Mediation",
					Networks/Flurry/Flurry,
					"$(PROJECT_DIR)/Mediation",
					Networks/Flurry/FlurryAds,
					"$(PROJECT_DIR)/MoPubSDK_2/Viewability/Avid",
				);
				"OTHER_LDFLAGS[arch=*]" = "-ObjC";
				PRODUCT_BUNDLE_IDENTIFIER = "com.adsnative.$(PRODUCT_NAME:rfc1034identifier)";
				PRODUCT_NAME = "Sample App";
				PROVISIONING_PROFILE = "";
				PROVISIONING_PROFILE_SPECIFIER = "";
				VALID_ARCHS = "arm64 armv7";
			};
			name = Debug;
		};
		5CBE8AC71BA96D95000DBCFE /* Release */ = {
			isa = XCBuildConfiguration;
			buildSettings = {
				ASSETCATALOG_COMPILER_APPICON_NAME = AppIcon;
				CODE_SIGN_IDENTITY = "iPhone Developer: Arvind Bharadwaj (FF59TZ2UQG)";
				"CODE_SIGN_IDENTITY[sdk=iphoneos*]" = "iPhone Developer";
				DEVELOPMENT_TEAM = AY9DGFRWU4;
				ENABLE_BITCODE = YES;
				FRAMEWORK_SEARCH_PATHS = (
					"$(inherited)",
					"/Users/arvindbharadwaj/Downloads/FacebookSDKs-iOS-20151007",
					"$(PROJECT_DIR)",
					"$(PROJECT_DIR)/MoPubSDK_2/Viewability/MOAT",
				);
				INFOPLIST_FILE = "$(PROJECT_NAME)/Info.plist";
				IPHONEOS_DEPLOYMENT_TARGET = 7.0;
				LD_RUNPATH_SEARCH_PATHS = "$(inherited) @executable_path/Frameworks";
				LIBRARY_SEARCH_PATHS = (
					"$(inherited)",
					/Users/arvindbharadwaj/Downloads/InMobi_iOS_SDK/Libs,
					"/Users/arvindbharadwaj/Downloads/FacebookSDKs-iOS-20151007/FBAudienceNetwork.framework",
					"$(PROJECT_DIR)",
					"$(PROJECT_DIR)/Mediation",
					Networks/InMobi,
					"$(PROJECT_DIR)/Flurry",
					"$(PROJECT_DIR)/FlurryAds",
					"$(PROJECT_DIR)/Mediation",
					Networks/Flurry/Flurry,
					"$(PROJECT_DIR)/Mediation",
					Networks/Flurry/FlurryAds,
					"$(PROJECT_DIR)/MoPubSDK_2/Viewability/Avid",
				);
				"OTHER_LDFLAGS[arch=*]" = "-ObjC";
				PRODUCT_BUNDLE_IDENTIFIER = "com.adsnative.$(PRODUCT_NAME:rfc1034identifier)";
				PRODUCT_NAME = "Sample App";
				PROVISIONING_PROFILE = "";
				PROVISIONING_PROFILE_SPECIFIER = "";
				VALID_ARCHS = "arm64 armv7";
			};
			name = Release;
		};
		5CBE8AC91BA96D95000DBCFE /* Debug */ = {
			isa = XCBuildConfiguration;
			buildSettings = {
				BUNDLE_LOADER = "$(TEST_HOST)";
				DEVELOPMENT_TEAM = AY9DGFRWU4;
				FRAMEWORK_SEARCH_PATHS = (
					"$(SDKROOT)/Developer/Library/Frameworks",
					"$(inherited)",
				);
				GCC_PREPROCESSOR_DEFINITIONS = (
					"DEBUG=1",
					"$(inherited)",
				);
				INFOPLIST_FILE = "$(PROJECT_NAME)/Info.plist";
				LD_RUNPATH_SEARCH_PATHS = "$(inherited) @executable_path/Frameworks @loader_path/Frameworks";
				PRODUCT_BUNDLE_IDENTIFIER = "com.adsnative.$(PRODUCT_NAME:rfc1034identifier)";
				PRODUCT_NAME = "Sample App";
				TEST_HOST = "$(BUILT_PRODUCTS_DIR)/Sample App.app/Sample App";
			};
			name = Debug;
		};
		5CBE8ACA1BA96D95000DBCFE /* Release */ = {
			isa = XCBuildConfiguration;
			buildSettings = {
				BUNDLE_LOADER = "$(TEST_HOST)";
				DEVELOPMENT_TEAM = AY9DGFRWU4;
				FRAMEWORK_SEARCH_PATHS = (
					"$(SDKROOT)/Developer/Library/Frameworks",
					"$(inherited)",
				);
				INFOPLIST_FILE = "$(PROJECT_NAME)/Info.plist";
				LD_RUNPATH_SEARCH_PATHS = "$(inherited) @executable_path/Frameworks @loader_path/Frameworks";
				PRODUCT_BUNDLE_IDENTIFIER = "com.adsnative.$(PRODUCT_NAME:rfc1034identifier)";
				PRODUCT_NAME = "Sample App";
				TEST_HOST = "$(BUILT_PRODUCTS_DIR)/Sample App.app/Sample App";
			};
			name = Release;
		};
/* End XCBuildConfiguration section */

/* Begin XCConfigurationList section */
		5CBE8A9D1BA96D95000DBCFE /* Build configuration list for PBXProject "Sample App" */ = {
			isa = XCConfigurationList;
			buildConfigurations = (
				5CBE8AC31BA96D95000DBCFE /* Debug */,
				5CBE8AC41BA96D95000DBCFE /* Release */,
			);
			defaultConfigurationIsVisible = 0;
			defaultConfigurationName = Release;
		};
		5CBE8AC51BA96D95000DBCFE /* Build configuration list for PBXNativeTarget "Sample App" */ = {
			isa = XCConfigurationList;
			buildConfigurations = (
				5CBE8AC61BA96D95000DBCFE /* Debug */,
				5CBE8AC71BA96D95000DBCFE /* Release */,
			);
			defaultConfigurationIsVisible = 0;
			defaultConfigurationName = Release;
		};
		5CBE8AC81BA96D95000DBCFE /* Build configuration list for PBXNativeTarget "Sample AppTests" */ = {
			isa = XCConfigurationList;
			buildConfigurations = (
				5CBE8AC91BA96D95000DBCFE /* Debug */,
				5CBE8ACA1BA96D95000DBCFE /* Release */,
			);
			defaultConfigurationIsVisible = 0;
			defaultConfigurationName = Release;
		};
/* End XCConfigurationList section */
	};
	rootObject = 5CBE8A9A1BA96D95000DBCFE /* Project object */;
}
